{
  "name": "need2know",
  "version": "0.1.0",
  "lockfileVersion": 3,
  "requires": true,
  "packages": {
    "": {
      "name": "need2know",
      "version": "0.1.0",
      "devDependencies": {
        "@fingerprintjs/fingerprintjs": "5.3.0",
        "playwright-core": "1.63.0"
      },
      "engines": {
        "node": ">=22"
      }
    },
    "node_modules/@fingerprintjs/fingerprintjs": {
      "version": "5.3.0",
      "resolved": "https://registry.npmjs.org/@fingerprintjs/fingerprintjs/-/fingerprintjs-5.3.0.tgz",
      "integrity": "sha512-goxeuSCF/LR8E/lcsCh/YTjhlFW7AOhj4A9RQ5GHpBOKwkX/OG3z8mY5ADR1xGVRB5bSEJB66WNh5eBwehx2nQ==",
      "dev": true,
      "license": "MIT"
    },
    "node_modules/playwright-core": {
      "version": "1.63.0",
      "resolved": "https://registry.npmjs.org/playwright-core/-/playwright-core-1.63.0.tgz",
      "integrity": "sha512-rYCsBF/M5HjUch52bbtVONEFjv6Xu8sm8h72dNlR5bzIE1fvC/bxgspzkjSfU+MweEMmPM8KJebG6nnyxo5mCg==",
      "dev": true,
      "license": "Apache-2.0",
      "bin": {
        "playwright-core": "cli.js"
      },
      "engines": {
        "node": ">=20"
      }
    }
  }
}
